
Microsoft Visual Studio Solution File, Format Version 12.00
# Visual Studio Version 16
VisualStudioVersion = 16.0.30420.98
MinimumVisualStudioVersion = 10.0.40219.1
Project("{9A19103F-16F7-4668-BE54-9A1E7A4F7556}") = "Letter.Tcp", "src\Letter.Tcp\Letter.Tcp.csproj", "{FC059BFA-2ABD-4C0A-9AA0-34EF48DD817D}"
EndProject
Project("{2150E333-8FDC-42A3-9474-1A3956D46DE8}") = "src", "src", "{4BEAA32E-24C9-4833-AA2F-F0DE5C90C09F}"
EndProject
Project("{9A19103F-16F7-4668-BE54-9A1E7A4F7556}") = "tcp_command", "examples\tcp_command\tcp_command.csproj", "{D7C640E3-4B9A-4D51-A72E-4EB5DA8A24C1}"
EndProject
Project("{9A19103F-16F7-4668-BE54-9A1E7A4F7556}") = "Letter.Udp", "src\Letter.Udp\Letter.Udp.csproj", "{E4351723-B10C-4E77-BA8B-3E85B27E2ACA}"
EndProject
Project("{9A19103F-16F7-4668-BE54-9A1E7A4F7556}") = "Letter.Kcp", "src\Letter.Kcp\Letter.Kcp.csproj", "{E31366E4-C7EE-471C-930E-220C355AEBB7}"
EndProject
Project("{9A19103F-16F7-4668-BE54-9A1E7A4F7556}") = "Letter.IO", "src\Letter.IO\Letter.IO.csproj", "{0B1D4637-E89D-476F-A768-FEC4D64D1636}"
EndProject
Project("{9A19103F-16F7-4668-BE54-9A1E7A4F7556}") = "udp_command", "examples\udp_command\udp_command.csproj", "{69DED5AA-B86F-4B2F-ADA6-E21588E665C7}"
EndProject
Project("{2150E333-8FDC-42A3-9474-1A3956D46DE8}") = "examples", "examples", "{89C69379-1DA5-40B6-B34E-91D1EBCDF8C7}"
EndProject
Project("{9A19103F-16F7-4668-BE54-9A1E7A4F7556}") = "tcp_server", "examples\tcp_server\tcp_server.csproj", "{D409D74D-019A-4F97-96A2-0D721ED20C00}"
EndProject
Project("{9A19103F-16F7-4668-BE54-9A1E7A4F7556}") = "tcp_client", "examples\tcp_client\tcp_client.csproj", "{46F71135-3884-4CB4-B1D7-D351A4A45C33}"
EndProject
Project("{9A19103F-16F7-4668-BE54-9A1E7A4F7556}") = "common", "examples\common\common.csproj", "{DC73CFD0-FEA5-4379-A924-559BE4BE104F}"
EndProject
Project("{2150E333-8FDC-42A3-9474-1A3956D46DE8}") = "command", "command", "{5CD6B3C8-5FC7-4419-9BD0-87D9FD886C17}"
EndProject
Project("{FAE04EC0-301F-11D3-BF4B-00C04F79EFBC}") = "dotnetty_server_test", "examples\dotnetty_server_test\dotnetty_server_test.csproj", "{5390A491-6430-483F-8C41-22E88023C20C}"
EndProject
Project("{FAE04EC0-301F-11D3-BF4B-00C04F79EFBC}") = "dotnetty_client_test", "examples\dotnetty_client_test\dotnetty_client_test.csproj", "{02E22AF3-53C0-4304-A10E-2235EE186261}"
EndProject
Project("{FAE04EC0-301F-11D3-BF4B-00C04F79EFBC}") = "kcp_test", "examples\kcp_test\kcp_test.csproj", "{F3FD98B2-A8A8-4AB7-ABCC-F0BADAE20AB6}"
EndProject
Global
	GlobalSection(SolutionConfigurationPlatforms) = preSolution
		Debug|Any CPU = Debug|Any CPU
		Release|Any CPU = Release|Any CPU
	EndGlobalSection
	GlobalSection(ProjectConfigurationPlatforms) = postSolution
		{FC059BFA-2ABD-4C0A-9AA0-34EF48DD817D}.Debug|Any CPU.ActiveCfg = Debug|Any CPU
		{FC059BFA-2ABD-4C0A-9AA0-34EF48DD817D}.Debug|Any CPU.Build.0 = Debug|Any CPU
		{FC059BFA-2ABD-4C0A-9AA0-34EF48DD817D}.Release|Any CPU.ActiveCfg = Release|Any CPU
		{FC059BFA-2ABD-4C0A-9AA0-34EF48DD817D}.Release|Any CPU.Build.0 = Release|Any CPU
		{D7C640E3-4B9A-4D51-A72E-4EB5DA8A24C1}.Debug|Any CPU.ActiveCfg = Debug|Any CPU
		{D7C640E3-4B9A-4D51-A72E-4EB5DA8A24C1}.Debug|Any CPU.Build.0 = Debug|Any CPU
		{D7C640E3-4B9A-4D51-A72E-4EB5DA8A24C1}.Release|Any CPU.ActiveCfg = Release|Any CPU
		{D7C640E3-4B9A-4D51-A72E-4EB5DA8A24C1}.Release|Any CPU.Build.0 = Release|Any CPU
		{E4351723-B10C-4E77-BA8B-3E85B27E2ACA}.Debug|Any CPU.ActiveCfg = Debug|Any CPU
		{E4351723-B10C-4E77-BA8B-3E85B27E2ACA}.Debug|Any CPU.Build.0 = Debug|Any CPU
		{E4351723-B10C-4E77-BA8B-3E85B27E2ACA}.Release|Any CPU.ActiveCfg = Release|Any CPU
		{E4351723-B10C-4E77-BA8B-3E85B27E2ACA}.Release|Any CPU.Build.0 = Release|Any CPU
		{E31366E4-C7EE-471C-930E-220C355AEBB7}.Debug|Any CPU.ActiveCfg = Debug|Any CPU
		{E31366E4-C7EE-471C-930E-220C355AEBB7}.Debug|Any CPU.Build.0 = Debug|Any CPU
		{E31366E4-C7EE-471C-930E-220C355AEBB7}.Release|Any CPU.ActiveCfg = Release|Any CPU
		{E31366E4-C7EE-471C-930E-220C355AEBB7}.Release|Any CPU.Build.0 = Release|Any CPU
		{0B1D4637-E89D-476F-A768-FEC4D64D1636}.Debug|Any CPU.ActiveCfg = Debug|Any CPU
		{0B1D4637-E89D-476F-A768-FEC4D64D1636}.Debug|Any CPU.Build.0 = Debug|Any CPU
		{0B1D4637-E89D-476F-A768-FEC4D64D1636}.Release|Any CPU.ActiveCfg = Release|Any CPU
		{0B1D4637-E89D-476F-A768-FEC4D64D1636}.Release|Any CPU.Build.0 = Release|Any CPU
		{69DED5AA-B86F-4B2F-ADA6-E21588E665C7}.Debug|Any CPU.ActiveCfg = Debug|Any CPU
		{69DED5AA-B86F-4B2F-ADA6-E21588E665C7}.Debug|Any CPU.Build.0 = Debug|Any CPU
		{69DED5AA-B86F-4B2F-ADA6-E21588E665C7}.Release|Any CPU.ActiveCfg = Release|Any CPU
		{69DED5AA-B86F-4B2F-ADA6-E21588E665C7}.Release|Any CPU.Build.0 = Release|Any CPU
		{D409D74D-019A-4F97-96A2-0D721ED20C00}.Debug|Any CPU.ActiveCfg = Debug|Any CPU
		{D409D74D-019A-4F97-96A2-0D721ED20C00}.Debug|Any CPU.Build.0 = Debug|Any CPU
		{D409D74D-019A-4F97-96A2-0D721ED20C00}.Release|Any CPU.ActiveCfg = Release|Any CPU
		{D409D74D-019A-4F97-96A2-0D721ED20C00}.Release|Any CPU.Build.0 = Release|Any CPU
		{46F71135-3884-4CB4-B1D7-D351A4A45C33}.Debug|Any CPU.ActiveCfg = Debug|Any CPU
		{46F71135-3884-4CB4-B1D7-D351A4A45C33}.Debug|Any CPU.Build.0 = Debug|Any CPU
		{46F71135-3884-4CB4-B1D7-D351A4A45C33}.Release|Any CPU.ActiveCfg = Release|Any CPU
		{46F71135-3884-4CB4-B1D7-D351A4A45C33}.Release|Any CPU.Build.0 = Release|Any CPU
		{DC73CFD0-FEA5-4379-A924-559BE4BE104F}.Debug|Any CPU.ActiveCfg = Debug|Any CPU
		{DC73CFD0-FEA5-4379-A924-559BE4BE104F}.Debug|Any CPU.Build.0 = Debug|Any CPU
		{DC73CFD0-FEA5-4379-A924-559BE4BE104F}.Release|Any CPU.ActiveCfg = Release|Any CPU
		{DC73CFD0-FEA5-4379-A924-559BE4BE104F}.Release|Any CPU.Build.0 = Release|Any CPU
		{5390A491-6430-483F-8C41-22E88023C20C}.Debug|Any CPU.ActiveCfg = Debug|Any CPU
		{5390A491-6430-483F-8C41-22E88023C20C}.Debug|Any CPU.Build.0 = Debug|Any CPU
		{5390A491-6430-483F-8C41-22E88023C20C}.Release|Any CPU.ActiveCfg = Release|Any CPU
		{5390A491-6430-483F-8C41-22E88023C20C}.Release|Any CPU.Build.0 = Release|Any CPU
		{02E22AF3-53C0-4304-A10E-2235EE186261}.Debug|Any CPU.ActiveCfg = Debug|Any CPU
		{02E22AF3-53C0-4304-A10E-2235EE186261}.Debug|Any CPU.Build.0 = Debug|Any CPU
		{02E22AF3-53C0-4304-A10E-2235EE186261}.Release|Any CPU.ActiveCfg = Release|Any CPU
		{02E22AF3-53C0-4304-A10E-2235EE186261}.Release|Any CPU.Build.0 = Release|Any CPU
		{F3FD98B2-A8A8-4AB7-ABCC-F0BADAE20AB6}.Debug|Any CPU.ActiveCfg = Debug|Any CPU
		{F3FD98B2-A8A8-4AB7-ABCC-F0BADAE20AB6}.Debug|Any CPU.Build.0 = Debug|Any CPU
		{F3FD98B2-A8A8-4AB7-ABCC-F0BADAE20AB6}.Release|Any CPU.ActiveCfg = Release|Any CPU
		{F3FD98B2-A8A8-4AB7-ABCC-F0BADAE20AB6}.Release|Any CPU.Build.0 = Release|Any CPU
	EndGlobalSection
	GlobalSection(SolutionProperties) = preSolution
		HideSolutionNode = FALSE
	EndGlobalSection
	GlobalSection(NestedProjects) = preSolution
		{FC059BFA-2ABD-4C0A-9AA0-34EF48DD817D} = {4BEAA32E-24C9-4833-AA2F-F0DE5C90C09F}
		{D7C640E3-4B9A-4D51-A72E-4EB5DA8A24C1} = {5CD6B3C8-5FC7-4419-9BD0-87D9FD886C17}
		{E4351723-B10C-4E77-BA8B-3E85B27E2ACA} = {4BEAA32E-24C9-4833-AA2F-F0DE5C90C09F}
		{E31366E4-C7EE-471C-930E-220C355AEBB7} = {4BEAA32E-24C9-4833-AA2F-F0DE5C90C09F}
		{0B1D4637-E89D-476F-A768-FEC4D64D1636} = {4BEAA32E-24C9-4833-AA2F-F0DE5C90C09F}
		{69DED5AA-B86F-4B2F-ADA6-E21588E665C7} = {5CD6B3C8-5FC7-4419-9BD0-87D9FD886C17}
		{D409D74D-019A-4F97-96A2-0D721ED20C00} = {89C69379-1DA5-40B6-B34E-91D1EBCDF8C7}
		{46F71135-3884-4CB4-B1D7-D351A4A45C33} = {89C69379-1DA5-40B6-B34E-91D1EBCDF8C7}
		{DC73CFD0-FEA5-4379-A924-559BE4BE104F} = {89C69379-1DA5-40B6-B34E-91D1EBCDF8C7}
		{5CD6B3C8-5FC7-4419-9BD0-87D9FD886C17} = {89C69379-1DA5-40B6-B34E-91D1EBCDF8C7}
		{5390A491-6430-483F-8C41-22E88023C20C} = {89C69379-1DA5-40B6-B34E-91D1EBCDF8C7}
		{02E22AF3-53C0-4304-A10E-2235EE186261} = {89C69379-1DA5-40B6-B34E-91D1EBCDF8C7}
		{F3FD98B2-A8A8-4AB7-ABCC-F0BADAE20AB6} = {89C69379-1DA5-40B6-B34E-91D1EBCDF8C7}
	EndGlobalSection
	GlobalSection(ExtensibilityGlobals) = postSolution
		SolutionGuid = {88FE7350-47D0-48BE-9A66-E83D0B53A398}
	EndGlobalSection
EndGlobal
